PODS:
  - Alamofire (4.8.0)
  - Kingfisher (5.1.0)

DEPENDENCIES:
  - Alamofire
  - Kingfisher

SPEC REPOS:
  https://github.com/cocoapods/specs.git:
    - Alamofire
    - Kingfisher

SPEC CHECKSUMS:
  Alamofire: 3ec537f71edc9804815215393ae2b1a8ea33a844
  Kingfisher: fcec238063d17404fca89bf0a850583211c4cbf6

PODFILE CHECKSUM: 3c5180bde5fbed26475db219c16b231d5e68571a

COCOAPODS: 1.5.3
